
Microsoft Visual Studio Solution File, Format Version 12.00
# Visual Studio Version 16
VisualStudioVersion = 16.0.29424.173
MinimumVisualStudioVersion = 10.0.40219.1
Project("{FAE04EC0-301F-11D3-BF4B-00C04F79EFBC}") = "Tic Tac Toe", "Tic Tac Toe\Tic Tac Toe.csproj", "{F2300BF1-0B94-48EA-9195-ED2146B0D595}"
EndProject
Global
	GlobalSection(SolutionConfigurationPlatforms) = preSolution
		Debug|Any CPU = Debug|Any CPU
		Release|Any CPU = Release|Any CPU
	EndGlobalSection
	GlobalSection(ProjectConfigurationPlatforms) = postSolution
		{F2300BF1-0B94-48EA-9195-ED2146B0D595}.Debug|Any CPU.ActiveCfg = Debug|Any CPU
		{F2300BF1-0B94-48EA-9195-ED2146B0D595}.Debug|Any CPU.Build.0 = Debug|Any CPU
		{F2300BF1-0B94-48EA-9195-ED2146B0D595}.Release|Any CPU.ActiveCfg = Release|Any CPU
		{F2300BF1-0B94-48EA-9195-ED2146B0D595}.Release|Any CPU.Build.0 = Release|Any CPU
	EndGlobalSection
	GlobalSection(SolutionProperties) = preSolution
		HideSolutionNode = FALSE
	EndGlobalSection
	GlobalSection(ExtensibilityGlobals) = postSolution
		SolutionGuid = {367E0991-0003-459A-A3D5-F396565EB320}
	EndGlobalSection
EndGlobal
